
Microsoft Visual Studio Solution File, Format Version 12.00
# Visual Studio Version 16
VisualStudioVersion = 16.0.30907.101
MinimumVisualStudioVersion = 10.0.40219.1
Project("{9A19103F-16F7-4668-BE54-9A1E7A4F7556}") = "RPCClient", "RPCClient\RPCClient.csproj", "{973B32DE-A1B0-4B32-B61E-FB50CE6831CD}"
EndProject
Project("{9A19103F-16F7-4668-BE54-9A1E7A4F7556}") = "RPCServer", "RPCServer\RPCServer.csproj", "{889AF88C-2D3C-4A52-939E-80FFE8FD924C}"
EndProject
Project("{2150E333-8FDC-42A3-9474-1A3956D46DE8}") = "Solution Items", "Solution Items", "{A32DF007-A7BA-434F-B383-E1E1D3A05F79}"
	ProjectSection(SolutionItems) = preProject
		docker-compose.yml = docker-compose.yml
	EndProjectSection
EndProject
Global
	GlobalSection(SolutionConfigurationPlatforms) = preSolution
		Debug|Any CPU = Debug|Any CPU
		Release|Any CPU = Release|Any CPU
	EndGlobalSection
	GlobalSection(ProjectConfigurationPlatforms) = postSolution
		{973B32DE-A1B0-4B32-B61E-FB50CE6831CD}.Debug|Any CPU.ActiveCfg = Debug|Any CPU
		{973B32DE-A1B0-4B32-B61E-FB50CE6831CD}.Debug|Any CPU.Build.0 = Debug|Any CPU
		{973B32DE-A1B0-4B32-B61E-FB50CE6831CD}.Release|Any CPU.ActiveCfg = Release|Any CPU
		{973B32DE-A1B0-4B32-B61E-FB50CE6831CD}.Release|Any CPU.Build.0 = Release|Any CPU
		{889AF88C-2D3C-4A52-939E-80FFE8FD924C}.Debug|Any CPU.ActiveCfg = Debug|Any CPU
		{889AF88C-2D3C-4A52-939E-80FFE8FD924C}.Debug|Any CPU.Build.0 = Debug|Any CPU
		{889AF88C-2D3C-4A52-939E-80FFE8FD924C}.Release|Any CPU.ActiveCfg = Release|Any CPU
		{889AF88C-2D3C-4A52-939E-80FFE8FD924C}.Release|Any CPU.Build.0 = Release|Any CPU
	EndGlobalSection
	GlobalSection(SolutionProperties) = preSolution
		HideSolutionNode = FALSE
	EndGlobalSection
	GlobalSection(ExtensibilityGlobals) = postSolution
		SolutionGuid = {843E7CCF-93F5-4A18-8240-82B1E57E4DAF}
	EndGlobalSection
EndGlobal
